
Microsoft Visual Studio Solution File, Format Version 12.00
# Visual Studio Version 17
VisualStudioVersion = 17.14.37301.10 d17.14
MinimumVisualStudioVersion = 10.0.40219.1
Project("{FAE04EC0-301F-11D3-BF4B-00C04F79EFBC}") = "Exercicio13", "Exercicio13\Exercicio13.csproj", "{BADCF208-AD62-488D-A286-0721645826F8}"
EndProject
Global
	GlobalSection(SolutionConfigurationPlatforms) = preSolution
		Debug|Any CPU = Debug|Any CPU
		Release|Any CPU = Release|Any CPU
	EndGlobalSection
	GlobalSection(ProjectConfigurationPlatforms) = postSolution
		{BADCF208-AD62-488D-A286-0721645826F8}.Debug|Any CPU.ActiveCfg = Debug|Any CPU
		{BADCF208-AD62-488D-A286-0721645826F8}.Debug|Any CPU.Build.0 = Debug|Any CPU
		{BADCF208-AD62-488D-A286-0721645826F8}.Release|Any CPU.ActiveCfg = Release|Any CPU
		{BADCF208-AD62-488D-A286-0721645826F8}.Release|Any CPU.Build.0 = Release|Any CPU
	EndGlobalSection
	GlobalSection(SolutionProperties) = preSolution
		HideSolutionNode = FALSE
	EndGlobalSection
	GlobalSection(ExtensibilityGlobals) = postSolution
		SolutionGuid = {0E76E642-72CC-4C5E-8575-D66D5A6A5689}
	EndGlobalSection
EndGlobal
